{
  "nodes": {
    "devenv": {
      "locked": {
        "dir": "src/modules",
        "lastModified": 1783972995,
        "narHash": "sha256-BIti2dNiCWjOpemU6z0sKaSa214XwdynXckvX5Sirkk=",
        "owner": "cachix",
        "repo": "devenv",
        "rev": "32f6747aabbd5aeb7413bae53d7e01e224ec77bc",
        "type": "github"
      },
      "original": {
        "dir": "src/modules",
        "owner": "cachix",
        "repo": "devenv",
        "type": "github"
      }
    },
    "nixpkgs": {
      "locked": {
        "lastModified": 1784010161,
        "narHash": "sha256-daCu+qLmIGE1iUO4nGsKb4uuKGxYsOLk+eXpaYMrKcE=",
        "owner": "nixos",
        "repo": "nixpkgs",
        "rev": "0ab1e092aa212deb38a0deb8749dfb77acdd5218",
        "type": "github"
      },
      "original": {
        "owner": "nixos",
        "repo": "nixpkgs",
        "type": "github"
      }
    },
    "root": {
      "inputs": {
        "devenv": "devenv",
        "nixpkgs": "nixpkgs"
      }
    }
  },
  "root": "root",
  "version": 7
}